version = 1
revision = 3
requires-python = ">=3.14.2"

[manifest]
members = [
    "016-chapter-title-extractor",
    "017-email-finder",
    "018-modules-and-packages",
    "019-pillow-image-types-support",
    "020-text-counter",
    "021-token-generation-with-itsdangerous",
    "python",
]

[[package]]
name = "016-chapter-title-extractor"
version = "0.1.0"
source = { virtual = "016-chapter_title_extractor" }

[[package]]
name = "017-email-finder"
version = "0.1.0"
source = { virtual = "017-email_finder" }

[[package]]
name = "018-modules-and-packages"
version = "0.1.0"
source = { virtual = "018-modules_and_packages" }

[[package]]
name = "019-pillow-image-types-support"
version = "0.1.0"
source = { virtual = "019-pillow_image_types_support" }

[[package]]
name = "020-text-counter"
version = "0.1.0"
source = { virtual = "020-text_counter" }

[[package]]
name = "021-token-generation-with-itsdangerous"
version = "0.1.0"
source = { virtual = "021-token-generation-with-itsdangerous" }
dependencies = [
    { name = "itsdangerous" },
]

[package.metadata]
requires-dist = [{ name = "itsdangerous", specifier = ">=2.2.0" }]

[[package]]
name = "itsdangerous"
version = "2.2.0"
source = { registry = "https://pypi.org/simple" }
sdist = { url = "https://files.pythonhosted.org/packages/9c/cb/8ac0172223afbccb63986cc25049b154ecfb5e85932587206f42317be31d/itsdangerous-2.2.0.tar.gz", hash = "sha256:e0050c0b7da1eea53ffaf149c0cfbb5c6e2e2b69c4bef22c81fa6eb73e5f6173", size = 54410, upload-time = "2024-04-16T21:28:15.614Z" }
wheels = [
    { url = "https://files.pythonhosted.org/packages/04/96/92447566d16df59b2a776c0fb82dbc4d9e07cd95062562af01e408583fc4/itsdangerous-2.2.0-py3-none-any.whl", hash = "sha256:c6242fc49e35958c8b15141343aa660db5fc54d4f13a1db01a3f5891b98700ef", size = 16234, upload-time = "2024-04-16T21:28:14.499Z" },
]

[[package]]
name = "python"
version = "0.1.0"
source = { virtual = "." }
